{
  "version": 4,
  "terraform_version": "1.13.4",
  "serial": 12,
  "lineage": "a830b7b3-4196-3584-318f-a2a85d9a714e",
  "outputs": {
    "controller_public_ip": {
      "value": "44.193.223.96",
      "type": "string"
    },
    "manager_private_ip": {
      "value": "172.31.4.32",
      "type": "string"
    },
    "manager_public_ip": {
      "value": "34.230.229.232",
      "type": "string"
    },
    "ssh_key_path": {
      "value": "./terraform-key.pem",
      "type": "string"
    },
    "worker_a_public_ip": {
      "value": "13.218.252.195",
      "type": "string"
    },
    "worker_b_public_ip": {
      "value": "50.19.133.201",
      "type": "string"
    }
  },
  "resources": [
    {
      "mode": "data",
      "type": "aws_ami",
      "name": "ubuntu",
      "provider": "provider[\"registry.terraform.io/hashicorp/aws\"]",
      "instances": [
        {
          "schema_version": 0,
          "attributes": {
            "allow_unsafe_filter": null,
            "architecture": "x86_64",
            "arn": "arn:aws:ec2:us-east-1::image/ami-0fb0b230890ccd1e6",
            "block_device_mappings": [
              {
                "device_name": "/dev/sda1",
                "ebs": {
                  "delete_on_termination": "true",
                  "encrypted": "false",
                  "iops": "0",
                  "snapshot_id": "snap-01a042ee8ac5da832",
                  "throughput": "0",
                  "volume_initialization_rate": "0",
                  "volume_size": "8",
                  "volume_type": "gp2"
                },
                "no_device": "",
                "virtual_name": ""
              },
              {
                "device_name": "/dev/sdb",
                "ebs": {},
                "no_device": "",
                "virtual_name": "ephemeral0"
              },
              {
                "device_name": "/dev/sdc",
                "ebs": {},
                "no_device": "",
                "virtual_name": "ephemeral1"
              }
            ],
            "boot_mode": "legacy-bios",
            "creation_date": "2025-06-25T05:33:11.000Z",
            "deprecation_time": "2027-06-25T05:33:11.000Z",
            "description": "Canonical, Ubuntu, 20.04, amd64 focal image",
            "ena_support": true,
            "executable_users": null,
            "filter": [
              {
                "name": "name",
                "values": [
                  "ubuntu/images/hvm-ssd/ubuntu-focal-20.04-amd64-server-*"
                ]
              },
              {
                "name": "virtualization-type",
                "values": [
                  "hvm"
                ]
              }
            ],
            "hypervisor": "xen",
            "id": "ami-0fb0b230890ccd1e6",
            "image_id": "ami-0fb0b230890ccd1e6",
            "image_location": "amazon/ubuntu/images/hvm-ssd/ubuntu-focal-20.04-amd64-server-20250624",
            "image_owner_alias": "amazon",
            "image_type": "machine",
            "imds_support": "",
            "include_deprecated": false,
            "kernel_id": "",
            "last_launched_time": "",
            "most_recent": true,
            "name": "ubuntu/images/hvm-ssd/ubuntu-focal-20.04-amd64-server-20250624",
            "name_regex": null,
            "owner_id": "099720109477",
            "owners": [
              "099720109477"
            ],
            "platform": "",
            "platform_details": "Linux/UNIX",
            "product_codes": [],
            "public": true,
            "ramdisk_id": "",
            "region": "us-east-1",
            "root_device_name": "/dev/sda1",
            "root_device_type": "ebs",
            "root_snapshot_id": "snap-01a042ee8ac5da832",
            "sriov_net_support": "simple",
            "state": "available",
            "state_reason": {
              "code": "UNSET",
              "message": "UNSET"
            },
            "tags": {},
            "timeouts": null,
            "tpm_support": "",
            "uefi_data": null,
            "usage_operation": "RunInstances",
            "virtualization_type": "hvm"
          },
          "sensitive_attributes": [],
          "identity_schema_version": 0
        }
      ]
    },
    {
      "mode": "data",
      "type": "aws_subnet",
      "name": "default",
      "provider": "provider[\"registry.terraform.io/hashicorp/aws\"]",
      "instances": [
        {
          "schema_version": 0,
          "attributes": {
            "arn": "arn:aws:ec2:us-east-1:211125560646:subnet/subnet-07834ad95d3b2848b",
            "assign_ipv6_address_on_creation": false,
            "availability_zone": "us-east-1a",
            "availability_zone_id": "use1-az1",
            "available_ip_address_count": 4091,
            "cidr_block": "172.31.0.0/20",
            "customer_owned_ipv4_pool": "",
            "default_for_az": true,
            "enable_dns64": false,
            "enable_lni_at_device_index": 0,
            "enable_resource_name_dns_a_record_on_launch": false,
            "enable_resource_name_dns_aaaa_record_on_launch": false,
            "filter": null,
            "id": "subnet-07834ad95d3b2848b",
            "ipv6_cidr_block": "",
            "ipv6_cidr_block_association_id": "",
            "ipv6_native": false,
            "map_customer_owned_ip_on_launch": false,
            "map_public_ip_on_launch": true,
            "outpost_arn": "",
            "owner_id": "211125560646",
            "private_dns_hostname_type_on_launch": "ip-name",
            "region": "us-east-1",
            "state": "available",
            "tags": {},
            "timeouts": null,
            "vpc_id": "vpc-0901ae832db1394eb"
          },
          "sensitive_attributes": [],
          "identity_schema_version": 0
        }
      ]
    },
    {
      "mode": "data",
      "type": "aws_vpc",
      "name": "default",
      "provider": "provider[\"registry.terraform.io/hashicorp/aws\"]",
      "instances": [
        {
          "schema_version": 0,
          "attributes": {
            "arn": "arn:aws:ec2:us-east-1:211125560646:vpc/vpc-0901ae832db1394eb",
            "cidr_block": "172.31.0.0/16",
            "cidr_block_associations": [
              {
                "association_id": "vpc-cidr-assoc-03ed94a710a2a058f",
                "cidr_block": "172.31.0.0/16",
                "state": "associated"
              }
            ],
            "default": true,
            "dhcp_options_id": "dopt-06217dbcb1c8e4456",
            "enable_dns_hostnames": true,
            "enable_dns_support": true,
            "enable_network_address_usage_metrics": false,
            "filter": null,
            "id": "vpc-0901ae832db1394eb",
            "instance_tenancy": "default",
            "ipv6_association_id": "",
            "ipv6_cidr_block": "",
            "main_route_table_id": "rtb-05b924cddf61aefd6",
            "owner_id": "211125560646",
            "region": "us-east-1",
            "state": null,
            "tags": {},
            "timeouts": null
          },
          "sensitive_attributes": [],
          "identity_schema_version": 0
        }
      ]
    },
    {
      "mode": "managed",
      "type": "aws_eip",
      "name": "manager_eip",
      "provider": "provider[\"registry.terraform.io/hashicorp/aws\"]",
      "instances": [
        {
          "schema_version": 0,
          "attributes": {
            "address": null,
            "allocation_id": "eipalloc-053533d0b81acc205",
            "arn": "arn:aws:ec2:us-east-1:211125560646:elastic-ip/eipalloc-053533d0b81acc205",
            "associate_with_private_ip": null,
            "association_id": "eipassoc-0286f1eb13fc5ac3c",
            "carrier_ip": "",
            "customer_owned_ip": "",
            "customer_owned_ipv4_pool": "",
            "domain": "vpc",
            "id": "eipalloc-053533d0b81acc205",
            "instance": "i-09d3bd0b500effbf3",
            "ipam_pool_id": null,
            "network_border_group": "us-east-1",
            "network_interface": "eni-0551347020e9c5c58",
            "private_dns": "ip-172-31-4-32.ec2.internal",
            "private_ip": "172.31.4.32",
            "ptr_record": "",
            "public_dns": "ec2-34-230-229-232.compute-1.amazonaws.com",
            "public_ip": "34.230.229.232",
            "public_ipv4_pool": "amazon",
            "region": "us-east-1",
            "tags": {
              "Name": "manager-eip"
            },
            "tags_all": {
              "Name": "manager-eip"
            },
            "timeouts": null
          },
          "sensitive_attributes": [],
          "identity_schema_version": 0,
          "private": "eyJlMmJmYjczMC1lY2FhLTExZTYtOGY4OC0zNDM2M2JjN2M0YzAiOnsiZGVsZXRlIjoxODAwMDAwMDAwMDAsInJlYWQiOjkwMDAwMDAwMDAwMCwidXBkYXRlIjozMDAwMDAwMDAwMDB9fQ==",
          "dependencies": [
            "aws_instance.swarm_manager",
            "aws_key_pair.deployer",
            "aws_security_group.devops_sg",
            "data.aws_ami.ubuntu",
            "data.aws_subnet.default",
            "data.aws_vpc.default",
            "tls_private_key.terraform_key"
          ]
        }
      ]
    },
    {
      "mode": "managed",
      "type": "aws_eip",
      "name": "worker_a_eip",
      "provider": "provider[\"registry.terraform.io/hashicorp/aws\"]",
      "instances": [
        {
          "schema_version": 0,
          "attributes": {
            "address": null,
            "allocation_id": "eipalloc-0c1103f3b547c7624",
            "arn": "arn:aws:ec2:us-east-1:211125560646:elastic-ip/eipalloc-0c1103f3b547c7624",
            "associate_with_private_ip": null,
            "association_id": "eipassoc-09efad6fb43189683",
            "carrier_ip": "",
            "customer_owned_ip": "",
            "customer_owned_ipv4_pool": "",
            "domain": "vpc",
            "id": "eipalloc-0c1103f3b547c7624",
            "instance": "i-04a8b537a037997ab",
            "ipam_pool_id": null,
            "network_border_group": "us-east-1",
            "network_interface": "eni-099ebc23b7be07127",
            "private_dns": "ip-172-31-12-49.ec2.internal",
            "private_ip": "172.31.12.49",
            "ptr_record": "",
            "public_dns": "ec2-13-218-252-195.compute-1.amazonaws.com",
            "public_ip": "13.218.252.195",
            "public_ipv4_pool": "amazon",
            "region": "us-east-1",
            "tags": {
              "Name": "worker-a-eip"
            },
            "tags_all": {
              "Name": "worker-a-eip"
            },
            "timeouts": null
          },
          "sensitive_attributes": [],
          "identity_schema_version": 0,
          "private": "eyJlMmJmYjczMC1lY2FhLTExZTYtOGY4OC0zNDM2M2JjN2M0YzAiOnsiZGVsZXRlIjoxODAwMDAwMDAwMDAsInJlYWQiOjkwMDAwMDAwMDAwMCwidXBkYXRlIjozMDAwMDAwMDAwMDB9fQ==",
          "dependencies": [
            "aws_instance.swarm_worker_a",
            "aws_key_pair.deployer",
            "aws_security_group.devops_sg",
            "data.aws_ami.ubuntu",
            "data.aws_subnet.default",
            "data.aws_vpc.default",
            "tls_private_key.terraform_key"
          ]
        }
      ]
    },
    {
      "mode": "managed",
      "type": "aws_eip",
      "name": "worker_b_eip",
      "provider": "provider[\"registry.terraform.io/hashicorp/aws\"]",
      "instances": [
        {
          "schema_version": 0,
          "attributes": {
            "address": null,
            "allocation_id": "eipalloc-0477091ce7117b4ed",
            "arn": "arn:aws:ec2:us-east-1:211125560646:elastic-ip/eipalloc-0477091ce7117b4ed",
            "associate_with_private_ip": null,
            "association_id": "eipassoc-0c5f74e873de3410e",
            "carrier_ip": "",
            "customer_owned_ip": "",
            "customer_owned_ipv4_pool": "",
            "domain": "vpc",
            "id": "eipalloc-0477091ce7117b4ed",
            "instance": "i-0689adcdd57a89262",
            "ipam_pool_id": null,
            "network_border_group": "us-east-1",
            "network_interface": "eni-0d0f852a0aa22210f",
            "private_dns": "ip-172-31-10-176.ec2.internal",
            "private_ip": "172.31.10.176",
            "ptr_record": "",
            "public_dns": "ec2-50-19-133-201.compute-1.amazonaws.com",
            "public_ip": "50.19.133.201",
            "public_ipv4_pool": "amazon",
            "region": "us-east-1",
            "tags": {
              "Name": "worker-b-eip"
            },
            "tags_all": {
              "Name": "worker-b-eip"
            },
            "timeouts": null
          },
          "sensitive_attributes": [],
          "identity_schema_version": 0,
          "private": "eyJlMmJmYjczMC1lY2FhLTExZTYtOGY4OC0zNDM2M2JjN2M0YzAiOnsiZGVsZXRlIjoxODAwMDAwMDAwMDAsInJlYWQiOjkwMDAwMDAwMDAwMCwidXBkYXRlIjozMDAwMDAwMDAwMDB9fQ==",
          "dependencies": [
            "aws_instance.swarm_worker_b",
            "aws_key_pair.deployer",
            "aws_security_group.devops_sg",
            "data.aws_ami.ubuntu",
            "data.aws_subnet.default",
            "data.aws_vpc.default",
            "tls_private_key.terraform_key"
          ]
        }
      ]
    },
    {
      "mode": "managed",
      "type": "aws_instance",
      "name": "controller",
      "provider": "provider[\"registry.terraform.io/hashicorp/aws\"]",
      "instances": [
        {
          "schema_version": 2,
          "attributes": {
            "ami": "ami-0fb0b230890ccd1e6",
            "arn": "arn:aws:ec2:us-east-1:211125560646:instance/i-00875a2023f9e5b8b",
            "associate_public_ip_address": true,
            "availability_zone": "us-east-1a",
            "capacity_reservation_specification": [
              {
                "capacity_reservation_preference": "open",
                "capacity_reservation_target": []
              }
            ],
            "cpu_options": [
              {
                "amd_sev_snp": "",
                "core_count": 1,
                "threads_per_core": 1
              }
            ],
            "credit_specification": [
              {
                "cpu_credits": "standard"
              }
            ],
            "disable_api_stop": false,
            "disable_api_termination": false,
            "ebs_block_device": [],
            "ebs_optimized": false,
            "enable_primary_ipv6": null,
            "enclave_options": [
              {
                "enabled": false
              }
            ],
            "ephemeral_block_device": [],
            "force_destroy": false,
            "get_password_data": false,
            "hibernation": false,
            "host_id": "",
            "host_resource_group_arn": null,
            "iam_instance_profile": "",
            "id": "i-00875a2023f9e5b8b",
            "instance_initiated_shutdown_behavior": "stop",
            "instance_lifecycle": "",
            "instance_market_options": [],
            "instance_state": "running",
            "instance_type": "t2.micro",
            "ipv6_address_count": 0,
            "ipv6_addresses": [],
            "key_name": "terraform-key",
            "launch_template": [],
            "maintenance_options": [
              {
                "auto_recovery": "default"
              }
            ],
            "metadata_options": [
              {
                "http_endpoint": "enabled",
                "http_protocol_ipv6": "disabled",
                "http_put_response_hop_limit": 1,
                "http_tokens": "optional",
                "instance_metadata_tags": "disabled"
              }
            ],
            "monitoring": false,
            "network_interface": [],
            "outpost_arn": "",
            "password_data": "",
            "placement_group": "",
            "placement_group_id": "",
            "placement_partition_number": 0,
            "primary_network_interface": [
              {
                "delete_on_termination": true,
                "network_interface_id": "eni-0fad51f0f61a8693f"
              }
            ],
            "primary_network_interface_id": "eni-0fad51f0f61a8693f",
            "private_dns": "ip-172-31-9-131.ec2.internal",
            "private_dns_name_options": [
              {
                "enable_resource_name_dns_a_record": false,
                "enable_resource_name_dns_aaaa_record": false,
                "hostname_type": "ip-name"
              }
            ],
            "private_ip": "172.31.9.131",
            "public_dns": "ec2-44-193-223-96.compute-1.amazonaws.com",
            "public_ip": "44.193.223.96",
            "region": "us-east-1",
            "root_block_device": [
              {
                "delete_on_termination": true,
                "device_name": "/dev/sda1",
                "encrypted": false,
                "iops": 100,
                "kms_key_id": "",
                "tags": {},
                "tags_all": {},
                "throughput": 0,
                "volume_id": "vol-03c36e62344acffb8",
                "volume_size": 8,
                "volume_type": "gp2"
              }
            ],
            "secondary_private_ips": [],
            "security_groups": [
              "devops-assignment-sg"
            ],
            "source_dest_check": true,
            "spot_instance_request_id": "",
            "subnet_id": "subnet-07834ad95d3b2848b",
            "tags": {
              "Name": "controller",
              "Role": "controller"
            },
            "tags_all": {
              "Name": "controller",
              "Role": "controller"
            },
            "tenancy": "default",
            "timeouts": null,
            "user_data": "#!/bin/bash\r\napt-get update\r\napt-get install -y python3 python3-pip git\r\n",
            "user_data_base64": null,
            "user_data_replace_on_change": false,
            "volume_tags": null,
            "vpc_security_group_ids": [
              "sg-0266c0c020ca8db1c"
            ]
          },
          "sensitive_attributes": [],
          "identity_schema_version": 0,
          "identity": {
            "account_id": "211125560646",
            "id": "i-00875a2023f9e5b8b",
            "region": "us-east-1"
          },
          "private": "eyJlMmJmYjczMC1lY2FhLTExZTYtOGY4OC0zNDM2M2JjN2M0YzAiOnsiY3JlYXRlIjo2MDAwMDAwMDAwMDAsImRlbGV0ZSI6MTIwMDAwMDAwMDAwMCwicmVhZCI6OTAwMDAwMDAwMDAwLCJ1cGRhdGUiOjYwMDAwMDAwMDAwMH0sInNjaGVtYV92ZXJzaW9uIjoiMiJ9",
          "dependencies": [
            "aws_key_pair.deployer",
            "aws_security_group.devops_sg",
            "data.aws_ami.ubuntu",
            "data.aws_subnet.default",
            "data.aws_vpc.default",
            "tls_private_key.terraform_key"
          ]
        }
      ]
    },
    {
      "mode": "managed",
      "type": "aws_instance",
      "name": "swarm_manager",
      "provider": "provider[\"registry.terraform.io/hashicorp/aws\"]",
      "instances": [
        {
          "schema_version": 2,
          "attributes": {
            "ami": "ami-0fb0b230890ccd1e6",
            "arn": "arn:aws:ec2:us-east-1:211125560646:instance/i-09d3bd0b500effbf3",
            "associate_public_ip_address": true,
            "availability_zone": "us-east-1a",
            "capacity_reservation_specification": [
              {
                "capacity_reservation_preference": "open",
                "capacity_reservation_target": []
              }
            ],
            "cpu_options": [
              {
                "amd_sev_snp": "",
                "core_count": 1,
                "threads_per_core": 1
              }
            ],
            "credit_specification": [
              {
                "cpu_credits": "standard"
              }
            ],
            "disable_api_stop": false,
            "disable_api_termination": false,
            "ebs_block_device": [],
            "ebs_optimized": false,
            "enable_primary_ipv6": null,
            "enclave_options": [
              {
                "enabled": false
              }
            ],
            "ephemeral_block_device": [],
            "force_destroy": false,
            "get_password_data": false,
            "hibernation": false,
            "host_id": "",
            "host_resource_group_arn": null,
            "iam_instance_profile": "",
            "id": "i-09d3bd0b500effbf3",
            "instance_initiated_shutdown_behavior": "stop",
            "instance_lifecycle": "",
            "instance_market_options": [],
            "instance_state": "running",
            "instance_type": "t2.micro",
            "ipv6_address_count": 0,
            "ipv6_addresses": [],
            "key_name": "terraform-key",
            "launch_template": [],
            "maintenance_options": [
              {
                "auto_recovery": "default"
              }
            ],
            "metadata_options": [
              {
                "http_endpoint": "enabled",
                "http_protocol_ipv6": "disabled",
                "http_put_response_hop_limit": 1,
                "http_tokens": "optional",
                "instance_metadata_tags": "disabled"
              }
            ],
            "monitoring": false,
            "network_interface": [],
            "outpost_arn": "",
            "password_data": "",
            "placement_group": "",
            "placement_group_id": "",
            "placement_partition_number": 0,
            "primary_network_interface": [
              {
                "delete_on_termination": true,
                "network_interface_id": "eni-0551347020e9c5c58"
              }
            ],
            "primary_network_interface_id": "eni-0551347020e9c5c58",
            "private_dns": "ip-172-31-4-32.ec2.internal",
            "private_dns_name_options": [
              {
                "enable_resource_name_dns_a_record": false,
                "enable_resource_name_dns_aaaa_record": false,
                "hostname_type": "ip-name"
              }
            ],
            "private_ip": "172.31.4.32",
            "public_dns": "ec2-3-238-58-217.compute-1.amazonaws.com",
            "public_ip": "3.238.58.217",
            "region": "us-east-1",
            "root_block_device": [
              {
                "delete_on_termination": true,
                "device_name": "/dev/sda1",
                "encrypted": false,
                "iops": 100,
                "kms_key_id": "",
                "tags": {},
                "tags_all": {},
                "throughput": 0,
                "volume_id": "vol-016f3d6459a2c7db3",
                "volume_size": 8,
                "volume_type": "gp2"
              }
            ],
            "secondary_private_ips": [],
            "security_groups": [
              "devops-assignment-sg"
            ],
            "source_dest_check": true,
            "spot_instance_request_id": "",
            "subnet_id": "subnet-07834ad95d3b2848b",
            "tags": {
              "Name": "swarm-manager",
              "Role": "manager"
            },
            "tags_all": {
              "Name": "swarm-manager",
              "Role": "manager"
            },
            "tenancy": "default",
            "timeouts": null,
            "user_data": "#!/bin/bash\r\napt-get update\r\n",
            "user_data_base64": null,
            "user_data_replace_on_change": false,
            "volume_tags": null,
            "vpc_security_group_ids": [
              "sg-0266c0c020ca8db1c"
            ]
          },
          "sensitive_attributes": [],
          "identity_schema_version": 0,
          "identity": {
            "account_id": "211125560646",
            "id": "i-09d3bd0b500effbf3",
            "region": "us-east-1"
          },
          "private": "eyJlMmJmYjczMC1lY2FhLTExZTYtOGY4OC0zNDM2M2JjN2M0YzAiOnsiY3JlYXRlIjo2MDAwMDAwMDAwMDAsImRlbGV0ZSI6MTIwMDAwMDAwMDAwMCwicmVhZCI6OTAwMDAwMDAwMDAwLCJ1cGRhdGUiOjYwMDAwMDAwMDAwMH0sInNjaGVtYV92ZXJzaW9uIjoiMiJ9",
          "dependencies": [
            "aws_key_pair.deployer",
            "aws_security_group.devops_sg",
            "data.aws_ami.ubuntu",
            "data.aws_subnet.default",
            "data.aws_vpc.default",
            "tls_private_key.terraform_key"
          ]
        }
      ]
    },
    {
      "mode": "managed",
      "type": "aws_instance",
      "name": "swarm_worker_a",
      "provider": "provider[\"registry.terraform.io/hashicorp/aws\"]",
      "instances": [
        {
          "schema_version": 2,
          "attributes": {
            "ami": "ami-0fb0b230890ccd1e6",
            "arn": "arn:aws:ec2:us-east-1:211125560646:instance/i-04a8b537a037997ab",
            "associate_public_ip_address": true,
            "availability_zone": "us-east-1a",
            "capacity_reservation_specification": [
              {
                "capacity_reservation_preference": "open",
                "capacity_reservation_target": []
              }
            ],
            "cpu_options": [
              {
                "amd_sev_snp": "",
                "core_count": 1,
                "threads_per_core": 1
              }
            ],
            "credit_specification": [
              {
                "cpu_credits": "standard"
              }
            ],
            "disable_api_stop": false,
            "disable_api_termination": false,
            "ebs_block_device": [],
            "ebs_optimized": false,
            "enable_primary_ipv6": null,
            "enclave_options": [
              {
                "enabled": false
              }
            ],
            "ephemeral_block_device": [],
            "force_destroy": false,
            "get_password_data": false,
            "hibernation": false,
            "host_id": "",
            "host_resource_group_arn": null,
            "iam_instance_profile": "",
            "id": "i-04a8b537a037997ab",
            "instance_initiated_shutdown_behavior": "stop",
            "instance_lifecycle": "",
            "instance_market_options": [],
            "instance_state": "running",
            "instance_type": "t2.micro",
            "ipv6_address_count": 0,
            "ipv6_addresses": [],
            "key_name": "terraform-key",
            "launch_template": [],
            "maintenance_options": [
              {
                "auto_recovery": "default"
              }
            ],
            "metadata_options": [
              {
                "http_endpoint": "enabled",
                "http_protocol_ipv6": "disabled",
                "http_put_response_hop_limit": 1,
                "http_tokens": "optional",
                "instance_metadata_tags": "disabled"
              }
            ],
            "monitoring": false,
            "network_interface": [],
            "outpost_arn": "",
            "password_data": "",
            "placement_group": "",
            "placement_group_id": "",
            "placement_partition_number": 0,
            "primary_network_interface": [
              {
                "delete_on_termination": true,
                "network_interface_id": "eni-099ebc23b7be07127"
              }
            ],
            "primary_network_interface_id": "eni-099ebc23b7be07127",
            "private_dns": "ip-172-31-12-49.ec2.internal",
            "private_dns_name_options": [
              {
                "enable_resource_name_dns_a_record": false,
                "enable_resource_name_dns_aaaa_record": false,
                "hostname_type": "ip-name"
              }
            ],
            "private_ip": "172.31.12.49",
            "public_dns": "ec2-3-227-247-28.compute-1.amazonaws.com",
            "public_ip": "3.227.247.28",
            "region": "us-east-1",
            "root_block_device": [
              {
                "delete_on_termination": true,
                "device_name": "/dev/sda1",
                "encrypted": false,
                "iops": 100,
                "kms_key_id": "",
                "tags": {},
                "tags_all": {},
                "throughput": 0,
                "volume_id": "vol-0da5061232e1d4061",
                "volume_size": 8,
                "volume_type": "gp2"
              }
            ],
            "secondary_private_ips": [],
            "security_groups": [
              "devops-assignment-sg"
            ],
            "source_dest_check": true,
            "spot_instance_request_id": "",
            "subnet_id": "subnet-07834ad95d3b2848b",
            "tags": {
              "Name": "swarm-worker-a",
              "Role": "worker"
            },
            "tags_all": {
              "Name": "swarm-worker-a",
              "Role": "worker"
            },
            "tenancy": "default",
            "timeouts": null,
            "user_data": "#!/bin/bash\r\napt-get update\r\n",
            "user_data_base64": null,
            "user_data_replace_on_change": false,
            "volume_tags": null,
            "vpc_security_group_ids": [
              "sg-0266c0c020ca8db1c"
            ]
          },
          "sensitive_attributes": [],
          "identity_schema_version": 0,
          "identity": {
            "account_id": "211125560646",
            "id": "i-04a8b537a037997ab",
            "region": "us-east-1"
          },
          "private": "eyJlMmJmYjczMC1lY2FhLTExZTYtOGY4OC0zNDM2M2JjN2M0YzAiOnsiY3JlYXRlIjo2MDAwMDAwMDAwMDAsImRlbGV0ZSI6MTIwMDAwMDAwMDAwMCwicmVhZCI6OTAwMDAwMDAwMDAwLCJ1cGRhdGUiOjYwMDAwMDAwMDAwMH0sInNjaGVtYV92ZXJzaW9uIjoiMiJ9",
          "dependencies": [
            "aws_key_pair.deployer",
            "aws_security_group.devops_sg",
            "data.aws_ami.ubuntu",
            "data.aws_subnet.default",
            "data.aws_vpc.default",
            "tls_private_key.terraform_key"
          ]
        }
      ]
    },
    {
      "mode": "managed",
      "type": "aws_instance",
      "name": "swarm_worker_b",
      "provider": "provider[\"registry.terraform.io/hashicorp/aws\"]",
      "instances": [
        {
          "schema_version": 2,
          "attributes": {
            "ami": "ami-0fb0b230890ccd1e6",
            "arn": "arn:aws:ec2:us-east-1:211125560646:instance/i-0689adcdd57a89262",
            "associate_public_ip_address": true,
            "availability_zone": "us-east-1a",
            "capacity_reservation_specification": [
              {
                "capacity_reservation_preference": "open",
                "capacity_reservation_target": []
              }
            ],
            "cpu_options": [
              {
                "amd_sev_snp": "",
                "core_count": 1,
                "threads_per_core": 1
              }
            ],
            "credit_specification": [
              {
                "cpu_credits": "standard"
              }
            ],
            "disable_api_stop": false,
            "disable_api_termination": false,
            "ebs_block_device": [],
            "ebs_optimized": false,
            "enable_primary_ipv6": null,
            "enclave_options": [
              {
                "enabled": false
              }
            ],
            "ephemeral_block_device": [],
            "force_destroy": false,
            "get_password_data": false,
            "hibernation": false,
            "host_id": "",
            "host_resource_group_arn": null,
            "iam_instance_profile": "",
            "id": "i-0689adcdd57a89262",
            "instance_initiated_shutdown_behavior": "stop",
            "instance_lifecycle": "",
            "instance_market_options": [],
            "instance_state": "running",
            "instance_type": "t2.micro",
            "ipv6_address_count": 0,
            "ipv6_addresses": [],
            "key_name": "terraform-key",
            "launch_template": [],
            "maintenance_options": [
              {
                "auto_recovery": "default"
              }
            ],
            "metadata_options": [
              {
                "http_endpoint": "enabled",
                "http_protocol_ipv6": "disabled",
                "http_put_response_hop_limit": 1,
                "http_tokens": "optional",
                "instance_metadata_tags": "disabled"
              }
            ],
            "monitoring": false,
            "network_interface": [],
            "outpost_arn": "",
            "password_data": "",
            "placement_group": "",
            "placement_group_id": "",
            "placement_partition_number": 0,
            "primary_network_interface": [
              {
                "delete_on_termination": true,
                "network_interface_id": "eni-0d0f852a0aa22210f"
              }
            ],
            "primary_network_interface_id": "eni-0d0f852a0aa22210f",
            "private_dns": "ip-172-31-10-176.ec2.internal",
            "private_dns_name_options": [
              {
                "enable_resource_name_dns_a_record": false,
                "enable_resource_name_dns_aaaa_record": false,
                "hostname_type": "ip-name"
              }
            ],
            "private_ip": "172.31.10.176",
            "public_dns": "ec2-44-213-133-17.compute-1.amazonaws.com",
            "public_ip": "44.213.133.17",
            "region": "us-east-1",
            "root_block_device": [
              {
                "delete_on_termination": true,
                "device_name": "/dev/sda1",
                "encrypted": false,
                "iops": 100,
                "kms_key_id": "",
                "tags": {},
                "tags_all": {},
                "throughput": 0,
                "volume_id": "vol-076e01e9ef25a3114",
                "volume_size": 8,
                "volume_type": "gp2"
              }
            ],
            "secondary_private_ips": [],
            "security_groups": [
              "devops-assignment-sg"
            ],
            "source_dest_check": true,
            "spot_instance_request_id": "",
            "subnet_id": "subnet-07834ad95d3b2848b",
            "tags": {
              "Name": "swarm-worker-b",
              "Role": "worker"
            },
            "tags_all": {
              "Name": "swarm-worker-b",
              "Role": "worker"
            },
            "tenancy": "default",
            "timeouts": null,
            "user_data": "#!/bin/bash\r\napt-get update\r\n",
            "user_data_base64": null,
            "user_data_replace_on_change": false,
            "volume_tags": null,
            "vpc_security_group_ids": [
              "sg-0266c0c020ca8db1c"
            ]
          },
          "sensitive_attributes": [],
          "identity_schema_version": 0,
          "identity": {
            "account_id": "211125560646",
            "id": "i-0689adcdd57a89262",
            "region": "us-east-1"
          },
          "private": "eyJlMmJmYjczMC1lY2FhLTExZTYtOGY4OC0zNDM2M2JjN2M0YzAiOnsiY3JlYXRlIjo2MDAwMDAwMDAwMDAsImRlbGV0ZSI6MTIwMDAwMDAwMDAwMCwicmVhZCI6OTAwMDAwMDAwMDAwLCJ1cGRhdGUiOjYwMDAwMDAwMDAwMH0sInNjaGVtYV92ZXJzaW9uIjoiMiJ9",
          "dependencies": [
            "aws_key_pair.deployer",
            "aws_security_group.devops_sg",
            "data.aws_ami.ubuntu",
            "data.aws_subnet.default",
            "data.aws_vpc.default",
            "tls_private_key.terraform_key"
          ]
        }
      ]
    },
    {
      "mode": "managed",
      "type": "aws_key_pair",
      "name": "deployer",
      "provider": "provider[\"registry.terraform.io/hashicorp/aws\"]",
      "instances": [
        {
          "schema_version": 1,
          "attributes": {
            "arn": "arn:aws:ec2:us-east-1:211125560646:key-pair/terraform-key",
            "fingerprint": "b3:0c:e5:9f:c3:a6:4f:9b:97:7c:31:ae:b9:3d:51:ea",
            "id": "terraform-key",
            "key_name": "terraform-key",
            "key_name_prefix": "",
            "key_pair_id": "key-0d9c8f74bc7d710f3",
            "key_type": "rsa",
            "public_key": "ssh-rsa AAAAB3NzaC1yc2EAAAADAQABAAACAQCeSnY9HKM1q1PtZfxy1+gLVA5y7Ct0txCOCwe7s3A9t+HO6wJqE2LnKmYKqEtB5RkIsMwxEW8j0wuywqqy4+5XZPCwHKj+WpLN7D3HU22crD8FL4o+NZf/2rVfpXrtLEentR7PQOjjx6GvT7IpRP4XGAnsv/IR+nKjCjXpL6EwuMoLaxZMhCx7jDuvUfyCMpwR5vV0xjbPqmYghxHE0aH7AIFJwaw/BJvMq5j04+2aNhGTFoCluYrJ96+bWSp0fPly9Jl80u98O71KC1D0S91Ws3AUiKpUVnwtgmo4ca9UOcFdz0wssBw3GQZwSdk4Poi2HUiScig7DJJOFOZd5ef6hrF11OMhEMyCoy1hScz1Aeacr20fXDoXBi5W4xMohMBQM/WjEuNy9QaLhPklJ8TcDrexxeJWtpUdP1a0DsBDxEmiMxdyIBvbQlx9n5bppplZrYFwTJgjVUKOpp67pLPjX0jsSKnY+Amg5jVRoQMh7VUrmgU+7L5svAHVt1UjP4smba3eAMpDC5TVRXqOAJq5ijfq932uOsjEB7b50cUudystnHKl97a+LalRYd1NMJzkchHN5HRy5Y2Yaz9Pg3vjl9VyXEa7Cch2IkqX53vJBt7y88R6wAvRqzfODlQq/NLrnkLblfnAVQ0w2jqG1Yhew6cYkXwQ2QXwOQwlfpU4jQ==",
            "region": "us-east-1",
            "tags": null,
            "tags_all": {}
          },
          "sensitive_attributes": [],
          "identity_schema_version": 0,
          "private": "eyJzY2hlbWFfdmVyc2lvbiI6IjEifQ==",
          "dependencies": [
            "tls_private_key.terraform_key"
          ]
        }
      ]
    },
    {
      "mode": "managed",
      "type": "aws_security_group",
      "name": "devops_sg",
      "provider": "provider[\"registry.terraform.io/hashicorp/aws\"]",
      "instances": [
        {
          "schema_version": 1,
          "attributes": {
            "arn": "arn:aws:ec2:us-east-1:211125560646:security-group/sg-0266c0c020ca8db1c",
            "description": "Security group for DevOps assignment - allows required ports",
            "egress": [
              {
                "cidr_blocks": [
                  "0.0.0.0/0"
                ],
                "description": "",
                "from_port": 0,
                "ipv6_cidr_blocks": [],
                "prefix_list_ids": [],
                "protocol": "-1",
                "security_groups": [],
                "self": false,
                "to_port": 0
              }
            ],
            "id": "sg-0266c0c020ca8db1c",
            "ingress": [
              {
                "cidr_blocks": [
                  "0.0.0.0/0"
                ],
                "description": "Django",
                "from_port": 8000,
                "ipv6_cidr_blocks": [],
                "prefix_list_ids": [],
                "protocol": "tcp",
                "security_groups": [],
                "self": false,
                "to_port": 8000
              },
              {
                "cidr_blocks": [
                  "0.0.0.0/0"
                ],
                "description": "Docker Swarm overlay UDP",
                "from_port": 7946,
                "ipv6_cidr_blocks": [],
                "prefix_list_ids": [],
                "protocol": "udp",
                "security_groups": [],
                "self": false,
                "to_port": 7946
              },
              {
                "cidr_blocks": [
                  "0.0.0.0/0"
                ],
                "description": "Docker Swarm overlay",
                "from_port": 7946,
                "ipv6_cidr_blocks": [],
                "prefix_list_ids": [],
                "protocol": "tcp",
                "security_groups": [],
                "self": false,
                "to_port": 7946
              },
              {
                "cidr_blocks": [
                  "0.0.0.0/0"
                ],
                "description": "Docker Swarm",
                "from_port": 2377,
                "ipv6_cidr_blocks": [],
                "prefix_list_ids": [],
                "protocol": "tcp",
                "security_groups": [],
                "self": false,
                "to_port": 2377
              },
              {
                "cidr_blocks": [
                  "0.0.0.0/0"
                ],
                "description": "Docker overlay network",
                "from_port": 4789,
                "ipv6_cidr_blocks": [],
                "prefix_list_ids": [],
                "protocol": "udp",
                "security_groups": [],
                "self": false,
                "to_port": 4789
              },
              {
                "cidr_blocks": [
                  "0.0.0.0/0"
                ],
                "description": "HTTP",
                "from_port": 80,
                "ipv6_cidr_blocks": [],
                "prefix_list_ids": [],
                "protocol": "tcp",
                "security_groups": [],
                "self": false,
                "to_port": 80
              },
              {
                "cidr_blocks": [
                  "0.0.0.0/0"
                ],
                "description": "HTTPS",
                "from_port": 443,
                "ipv6_cidr_blocks": [],
                "prefix_list_ids": [],
                "protocol": "tcp",
                "security_groups": [],
                "self": false,
                "to_port": 443
              },
              {
                "cidr_blocks": [
                  "0.0.0.0/0"
                ],
                "description": "Jenkins",
                "from_port": 8080,
                "ipv6_cidr_blocks": [],
                "prefix_list_ids": [],
                "protocol": "tcp",
                "security_groups": [],
                "self": false,
                "to_port": 8080
              },
              {
                "cidr_blocks": [
                  "0.0.0.0/0"
                ],
                "description": "PostgreSQL",
                "from_port": 5432,
                "ipv6_cidr_blocks": [],
                "prefix_list_ids": [],
                "protocol": "tcp",
                "security_groups": [],
                "self": false,
                "to_port": 5432
              },
              {
                "cidr_blocks": [
                  "0.0.0.0/0"
                ],
                "description": "SSH",
                "from_port": 22,
                "ipv6_cidr_blocks": [],
                "prefix_list_ids": [],
                "protocol": "tcp",
                "security_groups": [],
                "self": false,
                "to_port": 22
              }
            ],
            "name": "devops-assignment-sg",
            "name_prefix": "",
            "owner_id": "211125560646",
            "region": "us-east-1",
            "revoke_rules_on_delete": false,
            "tags": {
              "Name": "devops-assignment-sg"
            },
            "tags_all": {
              "Name": "devops-assignment-sg"
            },
            "timeouts": null,
            "vpc_id": "vpc-0901ae832db1394eb"
          },
          "sensitive_attributes": [],
          "identity_schema_version": 0,
          "identity": {
            "account_id": "211125560646",
            "id": "sg-0266c0c020ca8db1c",
            "region": "us-east-1"
          },
          "private": "eyJlMmJmYjczMC1lY2FhLTExZTYtOGY4OC0zNDM2M2JjN2M0YzAiOnsiY3JlYXRlIjo2MDAwMDAwMDAwMDAsImRlbGV0ZSI6OTAwMDAwMDAwMDAwfSwic2NoZW1hX3ZlcnNpb24iOiIxIn0=",
          "dependencies": [
            "data.aws_vpc.default"
          ]
        }
      ]
    },
    {
      "mode": "managed",
      "type": "local_file",
      "name": "private_key_pem",
      "provider": "provider[\"registry.terraform.io/hashicorp/local\"]",
      "instances": [
        {
          "schema_version": 0,
          "attributes": {
            "content": "-----BEGIN RSA PRIVATE KEY-----\nMIIJKAIBAAKCAgEAnkp2PRyjNatT7WX8ctfoC1QOcuwrdLcQjgsHu7NwPbfhzusC\nahNi5ypmCqhLQeUZCLDMMRFvI9MLssKqsuPuV2TwsByo/lqSzew9x1NtnKw/BS+K\nPjWX/9q1X6V67SxHp7Uez0Do48ehr0+yKUT+FxgJ7L/yEfpyowo16S+hMLjKC2sW\nTIQse4w7r1H8gjKcEeb1dMY2z6pmIIcRxNGh+wCBScGsPwSbzKuY9OPtmjYRkxaA\npbmKyfevm1kqdHz5cvSZfNLvfDu9SgtQ9EvdVrNwFIiqVFZ8LYJqOHGvVDnBXc9M\nLLAcNxkGcEnZOD6Ith1IknIoOwySThTmXeXn+oaxddTjIRDMgqMtYUnM9QHmnK9t\nH1w6FwYuVuMTKITAUDP1oxLjcvUGi4T5JSfE3A63scXiVraVHT9WtA7AQ8RJojMX\nciAb20JcfZ+W6aaZWa2BcEyYI1VCjqaeu6Sz419I7Eip2PgJoOY1UaEDIe1VK5oF\nPuy+bLwB1bdVIz+LJm2t3gDKQwuU1UV6jgCauYo36vd9rjrIxAe2+dHFLncrLZxy\npfe2vi2pUWHdTTCc5HIRzeR0cuWNmGs/T4N745fVclxGuwnIdiJKl+d7yQbe8vPE\nesAL0as3zg5UKvzS655C25X5wFUNMNo6htWIXsOnGJF8ENkF8DkMJX6VOI0CAwEA\nAQKCAgAY8fMgPlsaIh3f06qtDolq/5wnUECo7BCX0fUuB2Ew2MGlMjP3M4bqlyvt\nkggKImiHjhUfxneVVbUKPtNXzcPJ0gZ8OogHTY7FFO3Hc8ZaYmqsDonis994Wqcq\no5Fzvv6r10c7sicBfnxkfFK/XjgMu6UUwksLukRGnV1Rmkf0vapZkk65UDsSXU8q\nmekJO6CM0bDs7i/FGj1t8ttCASddvv6g+PyEEd3bq083iJPxMYQjgfBULaFJotbx\nzGN8aBWHoDRwD23eTivOd2oSlcIT38NR+ReeouJ+6YaDzqaqx09J0VlX0YkgxbjW\nCU1KJ9CzonnFWmgsphaIZ5LGSWz9Nqmkh233Gk3DTS+JArv4IMM3fRYHs/JGntp2\nEgDIugdooJGNxIF2bwQkCsuzqsiWaGtk6SHR40to+XhdEGcCJLQ3ppD5nutWIpkk\nCxqYAcGc4raPH2lsb8+JCY0Ng0BY7BYzVR/jsg1TLDh3aRP6AL5TZ5XqGgoxHuD3\nlxJ2cCR4/HNi0yAGQbvrqPO8yonEU7zKKxBohuBuSGx0SJHok16SmjyfnTb15F+/\nbS8lQbXVbBWMZZEMqVBe3pQ/dM++w7PuninAN71o0ujphT9lrAAjFRYFLrMBVMro\nakQ0XD6OkCImO+yWP6d2tS6sAJvuLsSJb/0PKBFcLMEb7/9XoQKCAQEAwGXf1d6L\n2baFa3ofV9nAx40TEdesmTj3oGK28nW1Gb+3X8otfaRVFyPAXwyTdpB8ukn8Ix4U\niQ2CyR5oieI3N5+WJ+oXIg0EKJzVXmwWEx3oPyFVpObDxCQHOTsRaZM01qU4wCXt\nMAd1pMgS1nhOPqK85k45fb9wcCAmzjqYMyjndyc28OJp/Mtt5ZsgyBUldUBo1GPI\nfQjD25BwTVmSdKTsFSqhFs88df0HDfFz4N1mU6zqm5+8uWURLfbeX6U8X5tjCwVE\naIMXajgwQ8gNUwDek/XeXdqNXzJIM9OmtwguwrHNwZz2wxa0S3IGY2TR9XWp4vc9\nG5jcOl09cFJmQwKCAQEA0p4yOgxaUIujUQMEasl9razQy9klk11EQK/wiSILC2uc\nZg+9N0X78j8fpgeTUOz00ee6SGALUkgK+Q/hA9/FROv4vW3+yZXBJBP3d7uBX6/T\nrb6lUG3beKFiHulW8GxTzXhJ9RoCvEih/xsPjvg1uM1MQBNioj+NOWNoHjIzu82x\nwOCyZuMN9YyXcItnthQuav/jgQeQsKOEN2Kz0/tYdVve9I/BnFRLTT8iJlk/aaXv\nGY+1M9/1kY+jOaLp4D1IJoL5prZMwKkZTrvWiFCDTWcf8bm7y65kB4EhYzYwlKQy\n4E7dGLRhXBVDVVekWvCeMEg7Nf4B0NilygD7251A7wKCAQBluzhQ4Ly34J/Jhahf\nDl+15C1qKM01s36UCr5Lk9uvgsTWXJQTNDpd4uSMHZ03ewzIf+hXNUeMdF1sNKz4\nA2pI+hQuhMO4mINTaiIULDi74Pt1rg2YBQEMjDRZmZcKaPDuciyAxU0WMUuOVtBH\nIRPWYLxbVo9loz0zvHxoXWku2/kP8udFFaMPLQ2t84mw4iWNSwJjE2PmYSUWytfm\nvm8HSFEgnArTgb6pcKIzSDGKe+boZa0jnqHusbcUw80va7JxpzsGj8FtNavC2XUD\n0hrhgbsvJzluDOrlpDOzW71yWFxJTDTMpE+CNlYc8mzYT24JSS8MOMjR99Cy96xN\n4PP7AoIBAB2LNU5xNyX/QGx3uOHl26xGBo/hqOSv+4f7ZglGbjgu4yRp5sffGEVV\n13GptF9wrbLYB4hpeI0VL/zZ3l11wS020JB54niSeiI+bsMr2Sz78/x2Nqg+kL+u\nG55sataUy3iR/AXWnTWeFqM7P4Z1iMugeKawUXCi64N2Tz+VGS6p3tpIap4GEYo1\nK3UNCQJAeHZn6JjL3973QO+n98OviSwFNBQoKidsp5dxWK/6auu96/kw8GETdFXz\nyRinopji38EPNEfPYJrR3Yvuy1wZtyFfatq0jAQ5NSzcTzukeVIQalaOmXMCsnmB\nPg21modrIzVwnGWpeMW77h2U379hop8CggEBALkWrx840F9i3guvVa8t4w4RfG4e\nB4LvGYymskCMkgXKPsMKW3vT1vDmW+7qBwywZVG8Or6zyDnAp7lqnj1SfoUT2W2y\nsztMB4v15R5ua2vWwiPcDeUEEO5qkWtoWdl+BQvaNjfC2VuWv60qm96D1cFq7As0\nhraC01qPwNRe5xNX9c6GeHYCUeHVIlRs11FKQ0C0y/e0sD70NA/n22BGHFhyguMS\n//9ex/VLzPhUU8GeEXCLxWHEQ4M32qigNhuYZDftWVh5u9w9L5Hd2/+JkBsiykwu\ngUDd0utc5PkUFGLyKU3VmS0Y4/U7Wr3m82CeEHD7JPN0kn0Lz8az7taRBkM=\n-----END RSA PRIVATE KEY-----\n",
            "content_base64": null,
            "content_base64sha256": "SPVJm1kXhckUOjxTZ5KEobRLaFji6rnqopLK0mZFPjQ=",
            "content_base64sha512": "1SaRwmJHe+umAzRiGW4BBNKs4UKgt/Ytsg2U7cPVFJgy3jHIMicbUIjId+60NCrFhGD06EYpAj+53rCtX7r9jA==",
            "content_md5": "f1397875319f5a684c3601e2782a257b",
            "content_sha1": "cb56d81ebebe1f5f113fc604de018f21f3fce804",
            "content_sha256": "48f5499b591785c9143a3c53679284a1b44b6858e2eab9eaa292cad266453e34",
            "content_sha512": "d52691c262477beba6033462196e0104d2ace142a0b7f62db20d94edc3d5149832de31c832271b5088c877eeb4342ac58460f4e84629023fb9deb0ad5fbafd8c",
            "directory_permission": "0777",
            "file_permission": "0400",
            "filename": "./terraform-key.pem",
            "id": "cb56d81ebebe1f5f113fc604de018f21f3fce804",
            "sensitive_content": null,
            "source": null
          },
          "sensitive_attributes": [
            [
              {
                "type": "get_attr",
                "value": "content"
              }
            ],
            [
              {
                "type": "get_attr",
                "value": "sensitive_content"
              }
            ]
          ],
          "identity_schema_version": 0,
          "dependencies": [
            "tls_private_key.terraform_key"
          ]
        }
      ]
    },
    {
      "mode": "managed",
      "type": "tls_private_key",
      "name": "terraform_key",
      "provider": "provider[\"registry.terraform.io/hashicorp/tls\"]",
      "instances": [
        {
          "schema_version": 1,
          "attributes": {
            "algorithm": "RSA",
            "ecdsa_curve": "P224",
            "id": "32c5d3fa50806d3cc4e5786fabdf7e8a5e0142fe",
            "private_key_openssh": "-----BEGIN OPENSSH PRIVATE KEY-----\nb3BlbnNzaC1rZXktdjEAAAAABG5vbmUAAAAEbm9uZQAAAAAAAAABAAACFwAAAAdz\nc2gtcnNhAAAAAwEAAQAAAgEAnkp2PRyjNatT7WX8ctfoC1QOcuwrdLcQjgsHu7Nw\nPbfhzusCahNi5ypmCqhLQeUZCLDMMRFvI9MLssKqsuPuV2TwsByo/lqSzew9x1Nt\nnKw/BS+KPjWX/9q1X6V67SxHp7Uez0Do48ehr0+yKUT+FxgJ7L/yEfpyowo16S+h\nMLjKC2sWTIQse4w7r1H8gjKcEeb1dMY2z6pmIIcRxNGh+wCBScGsPwSbzKuY9OPt\nmjYRkxaApbmKyfevm1kqdHz5cvSZfNLvfDu9SgtQ9EvdVrNwFIiqVFZ8LYJqOHGv\nVDnBXc9MLLAcNxkGcEnZOD6Ith1IknIoOwySThTmXeXn+oaxddTjIRDMgqMtYUnM\n9QHmnK9tH1w6FwYuVuMTKITAUDP1oxLjcvUGi4T5JSfE3A63scXiVraVHT9WtA7A\nQ8RJojMXciAb20JcfZ+W6aaZWa2BcEyYI1VCjqaeu6Sz419I7Eip2PgJoOY1UaED\nIe1VK5oFPuy+bLwB1bdVIz+LJm2t3gDKQwuU1UV6jgCauYo36vd9rjrIxAe2+dHF\nLncrLZxypfe2vi2pUWHdTTCc5HIRzeR0cuWNmGs/T4N745fVclxGuwnIdiJKl+d7\nyQbe8vPEesAL0as3zg5UKvzS655C25X5wFUNMNo6htWIXsOnGJF8ENkF8DkMJX6V\nOI0AAAc451blwedW5cEAAAAHc3NoLXJzYQAAAgEAnkp2PRyjNatT7WX8ctfoC1QO\ncuwrdLcQjgsHu7NwPbfhzusCahNi5ypmCqhLQeUZCLDMMRFvI9MLssKqsuPuV2Tw\nsByo/lqSzew9x1NtnKw/BS+KPjWX/9q1X6V67SxHp7Uez0Do48ehr0+yKUT+FxgJ\n7L/yEfpyowo16S+hMLjKC2sWTIQse4w7r1H8gjKcEeb1dMY2z6pmIIcRxNGh+wCB\nScGsPwSbzKuY9OPtmjYRkxaApbmKyfevm1kqdHz5cvSZfNLvfDu9SgtQ9EvdVrNw\nFIiqVFZ8LYJqOHGvVDnBXc9MLLAcNxkGcEnZOD6Ith1IknIoOwySThTmXeXn+oax\nddTjIRDMgqMtYUnM9QHmnK9tH1w6FwYuVuMTKITAUDP1oxLjcvUGi4T5JSfE3A63\nscXiVraVHT9WtA7AQ8RJojMXciAb20JcfZ+W6aaZWa2BcEyYI1VCjqaeu6Sz419I\n7Eip2PgJoOY1UaEDIe1VK5oFPuy+bLwB1bdVIz+LJm2t3gDKQwuU1UV6jgCauYo3\n6vd9rjrIxAe2+dHFLncrLZxypfe2vi2pUWHdTTCc5HIRzeR0cuWNmGs/T4N745fV\nclxGuwnIdiJKl+d7yQbe8vPEesAL0as3zg5UKvzS655C25X5wFUNMNo6htWIXsOn\nGJF8ENkF8DkMJX6VOI0AAAADAQABAAACABjx8yA+WxoiHd/Tqq0OiWr/nCdQQKjs\nEJfR9S4HYTDYwaUyM/czhuqXK+2SCAoiaIeOFR/Gd5VVtQo+01fNw8nSBnw6iAdN\njsUU7cdzxlpiaqwOieKz33hapyqjkXO+/qvXRzuyJwF+fGR8Ur9eOAy7pRTCSwu6\nREadXVGaR/S9qlmSTrlQOxJdTyqZ6Qk7oIzRsOzuL8UaPW3y20IBJ12+/qD4/IQR\n3durTzeIk/ExhCOB8FQtoUmi1vHMY3xoFYegNHAPbd5OK853ahKVwhPfw1H5F56i\n4n7phoPOpqrHT0nRWVfRiSDFuNYJTUon0LOiecVaaCymFohnksZJbP02qaSHbfca\nTcNNL4kCu/ggwzd9Fgez8kae2nYSAMi6B2igkY3EgXZvBCQKy7OqyJZoa2TpIdHj\nS2j5eF0QZwIktDemkPme61YimSQLGpgBwZzito8faWxvz4kJjQ2DQFjsFjNVH+Oy\nDVMsOHdpE/oAvlNnleoaCjEe4PeXEnZwJHj8c2LTIAZBu+uo87zKicRTvMorEGiG\n4G5IbHRIkeiTXpKaPJ+dNvXkX79tLyVBtdVsFYxlkQypUF7elD90z77Ds+6eKcA3\nvWjS6OmFP2WsACMVFgUuswFUyuhqRDRcPo6QIiY77JY/p3a1LqwAm+4uxIlv/Q8o\nEVwswRvv/1ehAAABAQC5Fq8fONBfYt4Lr1WvLeMOEXxuHgeC7xmMprJAjJIFyj7D\nClt709bw5lvu6gcMsGVRvDq+s8g5wKe5ap49Un6FE9ltsrM7TAeL9eUebmtr1sIj\n3A3lBBDuapFraFnZfgUL2jY3wtlblr+tKpveg9XBauwLNIa2gtNaj8DUXucTV/XO\nhnh2AlHh1SJUbNdRSkNAtMv3tLA+9DQP59tgRhxYcoLjEv//Xsf1S8z4VFPBnhFw\ni8VhxEODN9qooDYbmGQ37VlYebvcPS+R3dv/iZAbIspMLoFA3dLrXOT5FBRi8ilN\n1ZktGOP1O1q95vNgnhBw+yTzdJJ9C8/Gs+7WkQZDAAABAQDAZd/V3ovZtoVreh9X\n2cDHjRMR16yZOPegYrbydbUZv7dfyi19pFUXI8BfDJN2kHy6SfwjHhSJDYLJHmiJ\n4jc3n5Yn6hciDQQonNVebBYTHeg/IVWk5sPEJAc5OxFpkzTWpTjAJe0wB3WkyBLW\neE4+orzmTjl9v3BwICbOOpgzKOd3Jzbw4mn8y23lmyDIFSV1QGjUY8h9CMPbkHBN\nWZJ0pOwVKqEWzzx1/QcN8XPg3WZTrOqbn7y5ZREt9t5fpTxfm2MLBURogxdqODBD\nyA1TAN6T9d5d2o1fMkgz06a3CC7Csc3BnPbDFrRLcgZjZNH1dani9z0bmNw6XT1w\nUmZDAAABAQDSnjI6DFpQi6NRAwRqyX2trNDL2SWTXURAr/CJIgsLa5xmD703Rfvy\nPx+mB5NQ7PTR57pIYAtSSAr5D+ED38VE6/i9bf7JlcEkE/d3u4Ffr9OtvqVQbdt4\noWIe6VbwbFPNeEn1GgK8SKH/Gw+O+DW4zUxAE2KiP405Y2geMjO7zbHA4LJm4w31\njJdwi2e2FC5q/+OBB5Cwo4Q3YrPT+1h1W970j8GcVEtNPyImWT9ppe8Zj7Uz3/WR\nj6M5oungPUgmgvmmtkzAqRlOu9aIUINNZx/xubvLrmQHgSFjNjCUpDLgTt0YtGFc\nFUNVV6Ra8J4wSDs1/gHQ2KXKAPvbnUDvAAAAAAEC\n-----END OPENSSH PRIVATE KEY-----\n",
            "private_key_pem": "-----BEGIN RSA PRIVATE KEY-----\nMIIJKAIBAAKCAgEAnkp2PRyjNatT7WX8ctfoC1QOcuwrdLcQjgsHu7NwPbfhzusC\nahNi5ypmCqhLQeUZCLDMMRFvI9MLssKqsuPuV2TwsByo/lqSzew9x1NtnKw/BS+K\nPjWX/9q1X6V67SxHp7Uez0Do48ehr0+yKUT+FxgJ7L/yEfpyowo16S+hMLjKC2sW\nTIQse4w7r1H8gjKcEeb1dMY2z6pmIIcRxNGh+wCBScGsPwSbzKuY9OPtmjYRkxaA\npbmKyfevm1kqdHz5cvSZfNLvfDu9SgtQ9EvdVrNwFIiqVFZ8LYJqOHGvVDnBXc9M\nLLAcNxkGcEnZOD6Ith1IknIoOwySThTmXeXn+oaxddTjIRDMgqMtYUnM9QHmnK9t\nH1w6FwYuVuMTKITAUDP1oxLjcvUGi4T5JSfE3A63scXiVraVHT9WtA7AQ8RJojMX\nciAb20JcfZ+W6aaZWa2BcEyYI1VCjqaeu6Sz419I7Eip2PgJoOY1UaEDIe1VK5oF\nPuy+bLwB1bdVIz+LJm2t3gDKQwuU1UV6jgCauYo36vd9rjrIxAe2+dHFLncrLZxy\npfe2vi2pUWHdTTCc5HIRzeR0cuWNmGs/T4N745fVclxGuwnIdiJKl+d7yQbe8vPE\nesAL0as3zg5UKvzS655C25X5wFUNMNo6htWIXsOnGJF8ENkF8DkMJX6VOI0CAwEA\nAQKCAgAY8fMgPlsaIh3f06qtDolq/5wnUECo7BCX0fUuB2Ew2MGlMjP3M4bqlyvt\nkggKImiHjhUfxneVVbUKPtNXzcPJ0gZ8OogHTY7FFO3Hc8ZaYmqsDonis994Wqcq\no5Fzvv6r10c7sicBfnxkfFK/XjgMu6UUwksLukRGnV1Rmkf0vapZkk65UDsSXU8q\nmekJO6CM0bDs7i/FGj1t8ttCASddvv6g+PyEEd3bq083iJPxMYQjgfBULaFJotbx\nzGN8aBWHoDRwD23eTivOd2oSlcIT38NR+ReeouJ+6YaDzqaqx09J0VlX0YkgxbjW\nCU1KJ9CzonnFWmgsphaIZ5LGSWz9Nqmkh233Gk3DTS+JArv4IMM3fRYHs/JGntp2\nEgDIugdooJGNxIF2bwQkCsuzqsiWaGtk6SHR40to+XhdEGcCJLQ3ppD5nutWIpkk\nCxqYAcGc4raPH2lsb8+JCY0Ng0BY7BYzVR/jsg1TLDh3aRP6AL5TZ5XqGgoxHuD3\nlxJ2cCR4/HNi0yAGQbvrqPO8yonEU7zKKxBohuBuSGx0SJHok16SmjyfnTb15F+/\nbS8lQbXVbBWMZZEMqVBe3pQ/dM++w7PuninAN71o0ujphT9lrAAjFRYFLrMBVMro\nakQ0XD6OkCImO+yWP6d2tS6sAJvuLsSJb/0PKBFcLMEb7/9XoQKCAQEAwGXf1d6L\n2baFa3ofV9nAx40TEdesmTj3oGK28nW1Gb+3X8otfaRVFyPAXwyTdpB8ukn8Ix4U\niQ2CyR5oieI3N5+WJ+oXIg0EKJzVXmwWEx3oPyFVpObDxCQHOTsRaZM01qU4wCXt\nMAd1pMgS1nhOPqK85k45fb9wcCAmzjqYMyjndyc28OJp/Mtt5ZsgyBUldUBo1GPI\nfQjD25BwTVmSdKTsFSqhFs88df0HDfFz4N1mU6zqm5+8uWURLfbeX6U8X5tjCwVE\naIMXajgwQ8gNUwDek/XeXdqNXzJIM9OmtwguwrHNwZz2wxa0S3IGY2TR9XWp4vc9\nG5jcOl09cFJmQwKCAQEA0p4yOgxaUIujUQMEasl9razQy9klk11EQK/wiSILC2uc\nZg+9N0X78j8fpgeTUOz00ee6SGALUkgK+Q/hA9/FROv4vW3+yZXBJBP3d7uBX6/T\nrb6lUG3beKFiHulW8GxTzXhJ9RoCvEih/xsPjvg1uM1MQBNioj+NOWNoHjIzu82x\nwOCyZuMN9YyXcItnthQuav/jgQeQsKOEN2Kz0/tYdVve9I/BnFRLTT8iJlk/aaXv\nGY+1M9/1kY+jOaLp4D1IJoL5prZMwKkZTrvWiFCDTWcf8bm7y65kB4EhYzYwlKQy\n4E7dGLRhXBVDVVekWvCeMEg7Nf4B0NilygD7251A7wKCAQBluzhQ4Ly34J/Jhahf\nDl+15C1qKM01s36UCr5Lk9uvgsTWXJQTNDpd4uSMHZ03ewzIf+hXNUeMdF1sNKz4\nA2pI+hQuhMO4mINTaiIULDi74Pt1rg2YBQEMjDRZmZcKaPDuciyAxU0WMUuOVtBH\nIRPWYLxbVo9loz0zvHxoXWku2/kP8udFFaMPLQ2t84mw4iWNSwJjE2PmYSUWytfm\nvm8HSFEgnArTgb6pcKIzSDGKe+boZa0jnqHusbcUw80va7JxpzsGj8FtNavC2XUD\n0hrhgbsvJzluDOrlpDOzW71yWFxJTDTMpE+CNlYc8mzYT24JSS8MOMjR99Cy96xN\n4PP7AoIBAB2LNU5xNyX/QGx3uOHl26xGBo/hqOSv+4f7ZglGbjgu4yRp5sffGEVV\n13GptF9wrbLYB4hpeI0VL/zZ3l11wS020JB54niSeiI+bsMr2Sz78/x2Nqg+kL+u\nG55sataUy3iR/AXWnTWeFqM7P4Z1iMugeKawUXCi64N2Tz+VGS6p3tpIap4GEYo1\nK3UNCQJAeHZn6JjL3973QO+n98OviSwFNBQoKidsp5dxWK/6auu96/kw8GETdFXz\nyRinopji38EPNEfPYJrR3Yvuy1wZtyFfatq0jAQ5NSzcTzukeVIQalaOmXMCsnmB\nPg21modrIzVwnGWpeMW77h2U379hop8CggEBALkWrx840F9i3guvVa8t4w4RfG4e\nB4LvGYymskCMkgXKPsMKW3vT1vDmW+7qBwywZVG8Or6zyDnAp7lqnj1SfoUT2W2y\nsztMB4v15R5ua2vWwiPcDeUEEO5qkWtoWdl+BQvaNjfC2VuWv60qm96D1cFq7As0\nhraC01qPwNRe5xNX9c6GeHYCUeHVIlRs11FKQ0C0y/e0sD70NA/n22BGHFhyguMS\n//9ex/VLzPhUU8GeEXCLxWHEQ4M32qigNhuYZDftWVh5u9w9L5Hd2/+JkBsiykwu\ngUDd0utc5PkUFGLyKU3VmS0Y4/U7Wr3m82CeEHD7JPN0kn0Lz8az7taRBkM=\n-----END RSA PRIVATE KEY-----\n",
            "private_key_pem_pkcs8": "-----BEGIN PRIVATE KEY-----\nMIIJQgIBADANBgkqhkiG9w0BAQEFAASCCSwwggkoAgEAAoICAQCeSnY9HKM1q1Pt\nZfxy1+gLVA5y7Ct0txCOCwe7s3A9t+HO6wJqE2LnKmYKqEtB5RkIsMwxEW8j0wuy\nwqqy4+5XZPCwHKj+WpLN7D3HU22crD8FL4o+NZf/2rVfpXrtLEentR7PQOjjx6Gv\nT7IpRP4XGAnsv/IR+nKjCjXpL6EwuMoLaxZMhCx7jDuvUfyCMpwR5vV0xjbPqmYg\nhxHE0aH7AIFJwaw/BJvMq5j04+2aNhGTFoCluYrJ96+bWSp0fPly9Jl80u98O71K\nC1D0S91Ws3AUiKpUVnwtgmo4ca9UOcFdz0wssBw3GQZwSdk4Poi2HUiScig7DJJO\nFOZd5ef6hrF11OMhEMyCoy1hScz1Aeacr20fXDoXBi5W4xMohMBQM/WjEuNy9QaL\nhPklJ8TcDrexxeJWtpUdP1a0DsBDxEmiMxdyIBvbQlx9n5bppplZrYFwTJgjVUKO\npp67pLPjX0jsSKnY+Amg5jVRoQMh7VUrmgU+7L5svAHVt1UjP4smba3eAMpDC5TV\nRXqOAJq5ijfq932uOsjEB7b50cUudystnHKl97a+LalRYd1NMJzkchHN5HRy5Y2Y\naz9Pg3vjl9VyXEa7Cch2IkqX53vJBt7y88R6wAvRqzfODlQq/NLrnkLblfnAVQ0w\n2jqG1Yhew6cYkXwQ2QXwOQwlfpU4jQIDAQABAoICABjx8yA+WxoiHd/Tqq0OiWr/\nnCdQQKjsEJfR9S4HYTDYwaUyM/czhuqXK+2SCAoiaIeOFR/Gd5VVtQo+01fNw8nS\nBnw6iAdNjsUU7cdzxlpiaqwOieKz33hapyqjkXO+/qvXRzuyJwF+fGR8Ur9eOAy7\npRTCSwu6REadXVGaR/S9qlmSTrlQOxJdTyqZ6Qk7oIzRsOzuL8UaPW3y20IBJ12+\n/qD4/IQR3durTzeIk/ExhCOB8FQtoUmi1vHMY3xoFYegNHAPbd5OK853ahKVwhPf\nw1H5F56i4n7phoPOpqrHT0nRWVfRiSDFuNYJTUon0LOiecVaaCymFohnksZJbP02\nqaSHbfcaTcNNL4kCu/ggwzd9Fgez8kae2nYSAMi6B2igkY3EgXZvBCQKy7OqyJZo\na2TpIdHjS2j5eF0QZwIktDemkPme61YimSQLGpgBwZzito8faWxvz4kJjQ2DQFjs\nFjNVH+OyDVMsOHdpE/oAvlNnleoaCjEe4PeXEnZwJHj8c2LTIAZBu+uo87zKicRT\nvMorEGiG4G5IbHRIkeiTXpKaPJ+dNvXkX79tLyVBtdVsFYxlkQypUF7elD90z77D\ns+6eKcA3vWjS6OmFP2WsACMVFgUuswFUyuhqRDRcPo6QIiY77JY/p3a1LqwAm+4u\nxIlv/Q8oEVwswRvv/1ehAoIBAQDAZd/V3ovZtoVreh9X2cDHjRMR16yZOPegYrby\ndbUZv7dfyi19pFUXI8BfDJN2kHy6SfwjHhSJDYLJHmiJ4jc3n5Yn6hciDQQonNVe\nbBYTHeg/IVWk5sPEJAc5OxFpkzTWpTjAJe0wB3WkyBLWeE4+orzmTjl9v3BwICbO\nOpgzKOd3Jzbw4mn8y23lmyDIFSV1QGjUY8h9CMPbkHBNWZJ0pOwVKqEWzzx1/QcN\n8XPg3WZTrOqbn7y5ZREt9t5fpTxfm2MLBURogxdqODBDyA1TAN6T9d5d2o1fMkgz\n06a3CC7Csc3BnPbDFrRLcgZjZNH1dani9z0bmNw6XT1wUmZDAoIBAQDSnjI6DFpQ\ni6NRAwRqyX2trNDL2SWTXURAr/CJIgsLa5xmD703RfvyPx+mB5NQ7PTR57pIYAtS\nSAr5D+ED38VE6/i9bf7JlcEkE/d3u4Ffr9OtvqVQbdt4oWIe6VbwbFPNeEn1GgK8\nSKH/Gw+O+DW4zUxAE2KiP405Y2geMjO7zbHA4LJm4w31jJdwi2e2FC5q/+OBB5Cw\no4Q3YrPT+1h1W970j8GcVEtNPyImWT9ppe8Zj7Uz3/WRj6M5oungPUgmgvmmtkzA\nqRlOu9aIUINNZx/xubvLrmQHgSFjNjCUpDLgTt0YtGFcFUNVV6Ra8J4wSDs1/gHQ\n2KXKAPvbnUDvAoIBAGW7OFDgvLfgn8mFqF8OX7XkLWoozTWzfpQKvkuT26+CxNZc\nlBM0Ol3i5IwdnTd7DMh/6Fc1R4x0XWw0rPgDakj6FC6Ew7iYg1NqIhQsOLvg+3Wu\nDZgFAQyMNFmZlwpo8O5yLIDFTRYxS45W0EchE9ZgvFtWj2WjPTO8fGhdaS7b+Q/y\n50UVow8tDa3zibDiJY1LAmMTY+ZhJRbK1+a+bwdIUSCcCtOBvqlwojNIMYp75uhl\nrSOeoe6xtxTDzS9rsnGnOwaPwW01q8LZdQPSGuGBuy8nOW4M6uWkM7NbvXJYXElM\nNMykT4I2VhzybNhPbglJLww4yNH30LL3rE3g8/sCggEAHYs1TnE3Jf9AbHe44eXb\nrEYGj+Go5K/7h/tmCUZuOC7jJGnmx98YRVXXcam0X3CtstgHiGl4jRUv/NneXXXB\nLTbQkHnieJJ6Ij5uwyvZLPvz/HY2qD6Qv64bnmxq1pTLeJH8BdadNZ4Wozs/hnWI\ny6B4prBRcKLrg3ZPP5UZLqne2khqngYRijUrdQ0JAkB4dmfomMvf3vdA76f3w6+J\nLAU0FCgqJ2ynl3FYr/pq673r+TDwYRN0VfPJGKeimOLfwQ80R89gmtHdi+7LXBm3\nIV9q2rSMBDk1LNxPO6R5UhBqVo6ZcwKyeYE+DbWah2sjNXCcZal4xbvuHZTfv2Gi\nnwKCAQEAuRavHzjQX2LeC69Vry3jDhF8bh4Hgu8ZjKayQIySBco+wwpbe9PW8OZb\n7uoHDLBlUbw6vrPIOcCnuWqePVJ+hRPZbbKzO0wHi/XlHm5ra9bCI9wN5QQQ7mqR\na2hZ2X4FC9o2N8LZW5a/rSqb3oPVwWrsCzSGtoLTWo/A1F7nE1f1zoZ4dgJR4dUi\nVGzXUUpDQLTL97SwPvQ0D+fbYEYcWHKC4xL//17H9UvM+FRTwZ4RcIvFYcRDgzfa\nqKA2G5hkN+1ZWHm73D0vkd3b/4mQGyLKTC6BQN3S61zk+RQUYvIpTdWZLRjj9Tta\nvebzYJ4QcPsk83SSfQvPxrPu1pEGQw==\n-----END PRIVATE KEY-----\n",
            "public_key_fingerprint_md5": "89:9d:ac:a9:b1:e8:99:bc:e0:88:44:25:d7:90:e1:c5",
            "public_key_fingerprint_sha256": "SHA256:mVqeh0ZuEYmFoF7yCg3xD3ZamS+T6b3I09hKaeQPhnQ",
            "public_key_openssh": "ssh-rsa AAAAB3NzaC1yc2EAAAADAQABAAACAQCeSnY9HKM1q1PtZfxy1+gLVA5y7Ct0txCOCwe7s3A9t+HO6wJqE2LnKmYKqEtB5RkIsMwxEW8j0wuywqqy4+5XZPCwHKj+WpLN7D3HU22crD8FL4o+NZf/2rVfpXrtLEentR7PQOjjx6GvT7IpRP4XGAnsv/IR+nKjCjXpL6EwuMoLaxZMhCx7jDuvUfyCMpwR5vV0xjbPqmYghxHE0aH7AIFJwaw/BJvMq5j04+2aNhGTFoCluYrJ96+bWSp0fPly9Jl80u98O71KC1D0S91Ws3AUiKpUVnwtgmo4ca9UOcFdz0wssBw3GQZwSdk4Poi2HUiScig7DJJOFOZd5ef6hrF11OMhEMyCoy1hScz1Aeacr20fXDoXBi5W4xMohMBQM/WjEuNy9QaLhPklJ8TcDrexxeJWtpUdP1a0DsBDxEmiMxdyIBvbQlx9n5bppplZrYFwTJgjVUKOpp67pLPjX0jsSKnY+Amg5jVRoQMh7VUrmgU+7L5svAHVt1UjP4smba3eAMpDC5TVRXqOAJq5ijfq932uOsjEB7b50cUudystnHKl97a+LalRYd1NMJzkchHN5HRy5Y2Yaz9Pg3vjl9VyXEa7Cch2IkqX53vJBt7y88R6wAvRqzfODlQq/NLrnkLblfnAVQ0w2jqG1Yhew6cYkXwQ2QXwOQwlfpU4jQ==\n",
            "public_key_pem": "-----BEGIN PUBLIC KEY-----\nMIICIjANBgkqhkiG9w0BAQEFAAOCAg8AMIICCgKCAgEAnkp2PRyjNatT7WX8ctfo\nC1QOcuwrdLcQjgsHu7NwPbfhzusCahNi5ypmCqhLQeUZCLDMMRFvI9MLssKqsuPu\nV2TwsByo/lqSzew9x1NtnKw/BS+KPjWX/9q1X6V67SxHp7Uez0Do48ehr0+yKUT+\nFxgJ7L/yEfpyowo16S+hMLjKC2sWTIQse4w7r1H8gjKcEeb1dMY2z6pmIIcRxNGh\n+wCBScGsPwSbzKuY9OPtmjYRkxaApbmKyfevm1kqdHz5cvSZfNLvfDu9SgtQ9Evd\nVrNwFIiqVFZ8LYJqOHGvVDnBXc9MLLAcNxkGcEnZOD6Ith1IknIoOwySThTmXeXn\n+oaxddTjIRDMgqMtYUnM9QHmnK9tH1w6FwYuVuMTKITAUDP1oxLjcvUGi4T5JSfE\n3A63scXiVraVHT9WtA7AQ8RJojMXciAb20JcfZ+W6aaZWa2BcEyYI1VCjqaeu6Sz\n419I7Eip2PgJoOY1UaEDIe1VK5oFPuy+bLwB1bdVIz+LJm2t3gDKQwuU1UV6jgCa\nuYo36vd9rjrIxAe2+dHFLncrLZxypfe2vi2pUWHdTTCc5HIRzeR0cuWNmGs/T4N7\n45fVclxGuwnIdiJKl+d7yQbe8vPEesAL0as3zg5UKvzS655C25X5wFUNMNo6htWI\nXsOnGJF8ENkF8DkMJX6VOI0CAwEAAQ==\n-----END PUBLIC KEY-----\n",
            "rsa_bits": 4096
          },
          "sensitive_attributes": [
            [
              {
                "type": "get_attr",
                "value": "private_key_openssh"
              }
            ],
            [
              {
                "type": "get_attr",
                "value": "private_key_pem"
              }
            ],
            [
              {
                "type": "get_attr",
                "value": "private_key_pem_pkcs8"
              }
            ]
          ],
          "identity_schema_version": 0
        }
      ]
    }
  ],
  "check_results": null
}
